
Microsoft Visual Studio Solution File, Format Version 12.00
# Visual Studio Version 16
VisualStudioVersion = 16.0.33927.289
MinimumVisualStudioVersion = 10.0.40219.1
Project("{FAE04EC0-301F-11D3-BF4B-00C04F79EFBC}") = "QFPHARMA_PUBLICACION", "QFPHARMA_PUBLICACION\QFPHARMA_PUBLICACION.csproj", "{8D738E88-2EE1-434D-906A-365B4B6EF8B5}"
EndProject
Global
	GlobalSection(SolutionConfigurationPlatforms) = preSolution
		Debug|Any CPU = Debug|Any CPU
		Release|Any CPU = Release|Any CPU
	EndGlobalSection
	GlobalSection(ProjectConfigurationPlatforms) = postSolution
		{8D738E88-2EE1-434D-906A-365B4B6EF8B5}.Debug|Any CPU.ActiveCfg = Debug|Any CPU
		{8D738E88-2EE1-434D-906A-365B4B6EF8B5}.Debug|Any CPU.Build.0 = Debug|Any CPU
		{8D738E88-2EE1-434D-906A-365B4B6EF8B5}.Release|Any CPU.ActiveCfg = Release|Any CPU
		{8D738E88-2EE1-434D-906A-365B4B6EF8B5}.Release|Any CPU.Build.0 = Release|Any CPU
	EndGlobalSection
	GlobalSection(SolutionProperties) = preSolution
		HideSolutionNode = FALSE
	EndGlobalSection
	GlobalSection(ExtensibilityGlobals) = postSolution
		SolutionGuid = {2E17AAC0-8F4F-491D-9532-DBBE3BE7A5DD}
	EndGlobalSection
EndGlobal
